// !$*UTF8*$!
{
	archiveVersion = 1;
	classes = {
	};
	objectVersion = 50;
	objects = {

/* Begin PBXBuildFile section */
		4FA99947CF8B4639C1175259 /* Pods_RSS_News.framework in Frameworks */ = {isa = PBXBuildFile; fileRef = 0E1976B87D0FEEDA6128FD16 /* Pods_RSS_News.framework */; };
		A34B643921F27E2400DACC2F /* strings.swift in Sources */ = {isa = PBXBuildFile; fileRef = A34B643621F27E2400DACC2F /* strings.swift */; };
		A34B643A21F27E2400DACC2F /* assets-images.swift in Sources */ = {isa = PBXBuildFile; fileRef = A34B643721F27E2400DACC2F /* assets-images.swift */; };
		A34B643B21F27E2400DACC2F /* storyboards.swift in Sources */ = {isa = PBXBuildFile; fileRef = A34B643821F27E2400DACC2F /* storyboards.swift */; };
		A34B644221F32DD700DACC2F /* Dark.plist in Resources */ = {isa = PBXBuildFile; fileRef = A34B644121F32DD700DACC2F /* Dark.plist */; };
		A34B644421F32DDD00DACC2F /* White.plist in Resources */ = {isa = PBXBuildFile; fileRef = A34B644321F32DDD00DACC2F /* White.plist */; };
		A34B644621F3326D00DACC2F /* Paper.plist in Resources */ = {isa = PBXBuildFile; fileRef = A34B644521F3326D00DACC2F /* Paper.plist */; };
		A36DC41821F277E100B0BE72 /* AppDelegate.swift in Sources */ = {isa = PBXBuildFile; fileRef = A36DC41721F277E100B0BE72 /* AppDelegate.swift */; };
		A36DC42221F277E300B0BE72 /* LaunchScreen.storyboard in Resources */ = {isa = PBXBuildFile; fileRef = A36DC42021F277E300B0BE72 /* LaunchScreen.storyboard */; };
		A36DC43621F2795F00B0BE72 /* Localizable.strings in Resources */ = {isa = PBXBuildFile; fileRef = A36DC43821F2795F00B0BE72 /* Localizable.strings */; };
		A36DC43B21F2797900B0BE72 /* Images.xcassets in Resources */ = {isa = PBXBuildFile; fileRef = A36DC43A21F2797900B0BE72 /* Images.xcassets */; };
		A36DC43D21F2798100B0BE72 /* Colors.xcassets in Resources */ = {isa = PBXBuildFile; fileRef = A36DC43C21F2798100B0BE72 /* Colors.xcassets */; };
		A36DC44121F27A9300B0BE72 /* AppRouter.swift in Sources */ = {isa = PBXBuildFile; fileRef = A36DC44021F27A9300B0BE72 /* AppRouter.swift */; };
		A36DC44321F27A9900B0BE72 /* AppSkin.swift in Sources */ = {isa = PBXBuildFile; fileRef = A36DC44221F27A9900B0BE72 /* AppSkin.swift */; };
		A36DC44721F27B0300B0BE72 /* Session.swift in Sources */ = {isa = PBXBuildFile; fileRef = A36DC44621F27B0300B0BE72 /* Session.swift */; };
		A36DC44921F27B0F00B0BE72 /* BaseViewModel.swift in Sources */ = {isa = PBXBuildFile; fileRef = A36DC44821F27B0F00B0BE72 /* BaseViewModel.swift */; };
		A36DC44B21F27B1A00B0BE72 /* BaseRouter.swift in Sources */ = {isa = PBXBuildFile; fileRef = A36DC44A21F27B1A00B0BE72 /* BaseRouter.swift */; };
		A36DC44D21F27B2500B0BE72 /* BaseView.swift in Sources */ = {isa = PBXBuildFile; fileRef = A36DC44C21F27B2500B0BE72 /* BaseView.swift */; };
		A36DC44F21F27B3100B0BE72 /* BaseViewDelegate.swift in Sources */ = {isa = PBXBuildFile; fileRef = A36DC44E21F27B3100B0BE72 /* BaseViewDelegate.swift */; };
		A36DC45421F27B7500B0BE72 /* InitialHomeRouter.swift in Sources */ = {isa = PBXBuildFile; fileRef = A36DC45321F27B7500B0BE72 /* InitialHomeRouter.swift */; };
		A36DC45621F27B8200B0BE72 /* MainRoutable.swift in Sources */ = {isa = PBXBuildFile; fileRef = A36DC45521F27B8200B0BE72 /* MainRoutable.swift */; };
		A36DC45821F27B9200B0BE72 /* MainRouter.swift in Sources */ = {isa = PBXBuildFile; fileRef = A36DC45721F27B9200B0BE72 /* MainRouter.swift */; };
		A36DC45A21F27BA100B0BE72 /* MainView.swift in Sources */ = {isa = PBXBuildFile; fileRef = A36DC45921F27BA100B0BE72 /* MainView.swift */; };
		A36DC45C21F27BAF00B0BE72 /* MainViewModel.swift in Sources */ = {isa = PBXBuildFile; fileRef = A36DC45B21F27BAF00B0BE72 /* MainViewModel.swift */; };
		A36DC45E21F27BB800B0BE72 /* Main.storyboard in Resources */ = {isa = PBXBuildFile; fileRef = A36DC45D21F27BB800B0BE72 /* Main.storyboard */; };
		A36DC46021F27BE700B0BE72 /* LoggerService.swift in Sources */ = {isa = PBXBuildFile; fileRef = A36DC45F21F27BE700B0BE72 /* LoggerService.swift */; };
		A36DC46321F27C0100B0BE72 /* UIWindow.swift in Sources */ = {isa = PBXBuildFile; fileRef = A36DC46221F27C0100B0BE72 /* UIWindow.swift */; };
/* End PBXBuildFile section */

/* Begin PBXFileReference section */
		0E1976B87D0FEEDA6128FD16 /* Pods_RSS_News.framework */ = {isa = PBXFileReference; explicitFileType = wrapper.framework; includeInIndex = 0; path = Pods_RSS_News.framework; sourceTree = BUILT_PRODUCTS_DIR; };
		4C1028F8A0B44004AC55A23D /* Pods-RSS-News.release.xcconfig */ = {isa = PBXFileReference; includeInIndex = 1; lastKnownFileType = text.xcconfig; name = "Pods-RSS-News.release.xcconfig"; path = "Pods/Target Support Files/Pods-RSS-News/Pods-RSS-News.release.xcconfig"; sourceTree = "<group>"; };
		A34B643621F27E2400DACC2F /* strings.swift */ = {isa = PBXFileReference; fileEncoding = 4; lastKnownFileType = sourcecode.swift; path = strings.swift; sourceTree = "<group>"; };
		A34B643721F27E2400DACC2F /* assets-images.swift */ = {isa = PBXFileReference; fileEncoding = 4; lastKnownFileType = sourcecode.swift; path = "assets-images.swift"; sourceTree = "<group>"; };
		A34B643821F27E2400DACC2F /* storyboards.swift */ = {isa = PBXFileReference; fileEncoding = 4; lastKnownFileType = sourcecode.swift; path = storyboards.swift; sourceTree = "<group>"; };
		A34B644121F32DD700DACC2F /* Dark.plist */ = {isa = PBXFileReference; lastKnownFileType = text.plist.xml; path = Dark.plist; sourceTree = "<group>"; };
		A34B644321F32DDD00DACC2F /* White.plist */ = {isa = PBXFileReference; lastKnownFileType = text.plist.xml; path = White.plist; sourceTree = "<group>"; };
		A34B644521F3326D00DACC2F /* Paper.plist */ = {isa = PBXFileReference; lastKnownFileType = text.plist.xml; path = Paper.plist; sourceTree = "<group>"; };
		A36DC41421F277E100B0BE72 /* RSS-News.app */ = {isa = PBXFileReference; explicitFileType = wrapper.application; includeInIndex = 0; path = "RSS-News.app"; sourceTree = BUILT_PRODUCTS_DIR; };
		A36DC41721F277E100B0BE72 /* AppDelegate.swift */ = {isa = PBXFileReference; lastKnownFileType = sourcecode.swift; path = AppDelegate.swift; sourceTree = "<group>"; };
		A36DC42121F277E300B0BE72 /* Base */ = {isa = PBXFileReference; lastKnownFileType = file.storyboard; name = Base; path = Base.lproj/LaunchScreen.storyboard; sourceTree = "<group>"; };
		A36DC42321F277E300B0BE72 /* Info.plist */ = {isa = PBXFileReference; lastKnownFileType = text.plist.xml; path = Info.plist; sourceTree = "<group>"; };
		A36DC43721F2795F00B0BE72 /* en */ = {isa = PBXFileReference; lastKnownFileType = text.plist.strings; name = en; path = en.lproj/Localizable.strings; sourceTree = "<group>"; };
		A36DC43921F2796900B0BE72 /* ru */ = {isa = PBXFileReference; lastKnownFileType = text.plist.strings; name = ru; path = ru.lproj/Localizable.strings; sourceTree = "<group>"; };
		A36DC43A21F2797900B0BE72 /* Images.xcassets */ = {isa = PBXFileReference; lastKnownFileType = folder.assetcatalog; path = Images.xcassets; sourceTree = "<group>"; };
		A36DC43C21F2798100B0BE72 /* Colors.xcassets */ = {isa = PBXFileReference; lastKnownFileType = folder.assetcatalog; path = Colors.xcassets; sourceTree = "<group>"; };
		A36DC44021F27A9300B0BE72 /* AppRouter.swift */ = {isa = PBXFileReference; lastKnownFileType = sourcecode.swift; path = AppRouter.swift; sourceTree = "<group>"; };
		A36DC44221F27A9900B0BE72 /* AppSkin.swift */ = {isa = PBXFileReference; lastKnownFileType = sourcecode.swift; path = AppSkin.swift; sourceTree = "<group>"; };
		A36DC44621F27B0300B0BE72 /* Session.swift */ = {isa = PBXFileReference; lastKnownFileType = sourcecode.swift; path = Session.swift; sourceTree = "<group>"; };
		A36DC44821F27B0F00B0BE72 /* BaseViewModel.swift */ = {isa = PBXFileReference; lastKnownFileType = sourcecode.swift; path = BaseViewModel.swift; sourceTree = "<group>"; };
		A36DC44A21F27B1A00B0BE72 /* BaseRouter.swift */ = {isa = PBXFileReference; lastKnownFileType = sourcecode.swift; path = BaseRouter.swift; sourceTree = "<group>"; };
		A36DC44C21F27B2500B0BE72 /* BaseView.swift */ = {isa = PBXFileReference; lastKnownFileType = sourcecode.swift; path = BaseView.swift; sourceTree = "<group>"; };
		A36DC44E21F27B3100B0BE72 /* BaseViewDelegate.swift */ = {isa = PBXFileReference; lastKnownFileType = sourcecode.swift; path = BaseViewDelegate.swift; sourceTree = "<group>"; };
		A36DC45321F27B7500B0BE72 /* InitialHomeRouter.swift */ = {isa = PBXFileReference; lastKnownFileType = sourcecode.swift; path = InitialHomeRouter.swift; sourceTree = "<group>"; };
		A36DC45521F27B8200B0BE72 /* MainRoutable.swift */ = {isa = PBXFileReference; lastKnownFileType = sourcecode.swift; path = MainRoutable.swift; sourceTree = "<group>"; };
		A36DC45721F27B9200B0BE72 /* MainRouter.swift */ = {isa = PBXFileReference; lastKnownFileType = sourcecode.swift; path = MainRouter.swift; sourceTree = "<group>"; };
		A36DC45921F27BA100B0BE72 /* MainView.swift */ = {isa = PBXFileReference; lastKnownFileType = sourcecode.swift; path = MainView.swift; sourceTree = "<group>"; };
		A36DC45B21F27BAF00B0BE72 /* MainViewModel.swift */ = {isa = PBXFileReference; lastKnownFileType = sourcecode.swift; path = MainViewModel.swift; sourceTree = "<group>"; };
		A36DC45D21F27BB800B0BE72 /* Main.storyboard */ = {isa = PBXFileReference; lastKnownFileType = file.storyboard; path = Main.storyboard; sourceTree = "<group>"; };
		A36DC45F21F27BE700B0BE72 /* LoggerService.swift */ = {isa = PBXFileReference; lastKnownFileType = sourcecode.swift; path = LoggerService.swift; sourceTree = "<group>"; };
		A36DC46221F27C0100B0BE72 /* UIWindow.swift */ = {isa = PBXFileReference; lastKnownFileType = sourcecode.swift; path = UIWindow.swift; sourceTree = "<group>"; };
		E9A03B472CB8EE9B0D64AFA5 /* Pods-RSS-News.debug.xcconfig */ = {isa = PBXFileReference; includeInIndex = 1; lastKnownFileType = text.xcconfig; name = "Pods-RSS-News.debug.xcconfig"; path = "Pods/Target Support Files/Pods-RSS-News/Pods-RSS-News.debug.xcconfig"; sourceTree = "<group>"; };
/* End PBXFileReference section */

/* Begin PBXFrameworksBuildPhase section */
		A36DC41121F277E100B0BE72 /* Frameworks */ = {
			isa = PBXFrameworksBuildPhase;
			buildActionMask = 2147483647;
			files = (
				4FA99947CF8B4639C1175259 /* Pods_RSS_News.framework in Frameworks */,
			);
			runOnlyForDeploymentPostprocessing = 0;
		};
/* End PBXFrameworksBuildPhase section */

/* Begin PBXGroup section */
		9DCB60AFA9998D5B4DA4E9E8 /* Frameworks */ = {
			isa = PBXGroup;
			children = (
				0E1976B87D0FEEDA6128FD16 /* Pods_RSS_News.framework */,
			);
			name = Frameworks;
			sourceTree = "<group>";
		};
		A34B643E21F32D9A00DACC2F /* themes */ = {
			isa = PBXGroup;
			children = (
				A34B644321F32DDD00DACC2F /* White.plist */,
				A34B644121F32DD700DACC2F /* Dark.plist */,
				A34B644521F3326D00DACC2F /* Paper.plist */,
			);
			path = themes;
			sourceTree = "<group>";
		};
		A36DC40B21F277E100B0BE72 = {
			isa = PBXGroup;
			children = (
				A36DC41621F277E100B0BE72 /* RSS-News */,
				A36DC41521F277E100B0BE72 /* Products */,
				C4C2E5947F892FC777152D79 /* Pods */,
				9DCB60AFA9998D5B4DA4E9E8 /* Frameworks */,
			);
			sourceTree = "<group>";
		};
		A36DC41521F277E100B0BE72 /* Products */ = {
			isa = PBXGroup;
			children = (
				A36DC41421F277E100B0BE72 /* RSS-News.app */,
			);
			name = Products;
			sourceTree = "<group>";
		};
		A36DC41621F277E100B0BE72 /* RSS-News */ = {
			isa = PBXGroup;
			children = (
				A36DC42B21F278C900B0BE72 /* classes */,
				A36DC42F21F278F400B0BE72 /* resources */,
				A36DC42321F277E300B0BE72 /* Info.plist */,
			);
			path = "RSS-News";
			sourceTree = "<group>";
		};
		A36DC42B21F278C900B0BE72 /* classes */ = {
			isa = PBXGroup;
			children = (
				A36DC42C21F278CD00B0BE72 /* app */,
				A36DC42D21F278D200B0BE72 /* ui */,
				A36DC42E21F278EB00B0BE72 /* services */,
				A36DC46121F27BF200B0BE72 /* extensions */,
			);
			path = classes;
			sourceTree = "<group>";
		};
		A36DC42C21F278CD00B0BE72 /* app */ = {
			isa = PBXGroup;
			children = (
				A36DC43E21F2798F00B0BE72 /* core */,
				A36DC43F21F2799400B0BE72 /* configuration */,
				A36DC41721F277E100B0BE72 /* AppDelegate.swift */,
				A36DC44021F27A9300B0BE72 /* AppRouter.swift */,
				A36DC44221F27A9900B0BE72 /* AppSkin.swift */,
			);
			path = app;
			sourceTree = "<group>";
		};
		A36DC42D21F278D200B0BE72 /* ui */ = {
			isa = PBXGroup;
			children = (
				A36DC44521F27AB500B0BE72 /* launchscreen */,
				A36DC44421F27AAD00B0BE72 /* main */,
			);
			path = ui;
			sourceTree = "<group>";
		};
		A36DC42E21F278EB00B0BE72 /* services */ = {
			isa = PBXGroup;
			children = (
				A36DC45F21F27BE700B0BE72 /* LoggerService.swift */,
			);
			path = services;
			sourceTree = "<group>";
		};
		A36DC42F21F278F400B0BE72 /* resources */ = {
			isa = PBXGroup;
			children = (
				A34B643E21F32D9A00DACC2F /* themes */,
				A36DC43121F2790E00B0BE72 /* images */,
				A36DC43221F2791300B0BE72 /* colors */,
				A36DC43321F2791B00B0BE72 /* localization */,
				A36DC43021F2790400B0BE72 /* generated */,
			);
			path = resources;
			sourceTree = "<group>";
		};
		A36DC43021F2790400B0BE72 /* generated */ = {
			isa = PBXGroup;
			children = (
				A34B643721F27E2400DACC2F /* assets-images.swift */,
				A34B643821F27E2400DACC2F /* storyboards.swift */,
				A34B643621F27E2400DACC2F /* strings.swift */,
			);
			path = generated;
			sourceTree = "<group>";
		};
		A36DC43121F2790E00B0BE72 /* images */ = {
			isa = PBXGroup;
			children = (
				A36DC43A21F2797900B0BE72 /* Images.xcassets */,
			);
			path = images;
			sourceTree = "<group>";
		};
		A36DC43221F2791300B0BE72 /* colors */ = {
			isa = PBXGroup;
			children = (
				A36DC43C21F2798100B0BE72 /* Colors.xcassets */,
			);
			path = colors;
			sourceTree = "<group>";
		};
		A36DC43321F2791B00B0BE72 /* localization */ = {
			isa = PBXGroup;
			children = (
				A36DC43821F2795F00B0BE72 /* Localizable.strings */,
			);
			path = localization;
			sourceTree = "<group>";
		};
		A36DC43E21F2798F00B0BE72 /* core */ = {
			isa = PBXGroup;
			children = (
				A36DC44621F27B0300B0BE72 /* Session.swift */,
				A36DC44821F27B0F00B0BE72 /* BaseViewModel.swift */,
				A36DC44A21F27B1A00B0BE72 /* BaseRouter.swift */,
				A36DC44C21F27B2500B0BE72 /* BaseView.swift */,
				A36DC44E21F27B3100B0BE72 /* BaseViewDelegate.swift */,
			);
			path = core;
			sourceTree = "<group>";
		};
		A36DC43F21F2799400B0BE72 /* configuration */ = {
			isa = PBXGroup;
			children = (
			);
			path = configuration;
			sourceTree = "<group>";
		};
		A36DC44421F27AAD00B0BE72 /* main */ = {
			isa = PBXGroup;
			children = (
				A36DC45221F27B6800B0BE72 /* router */,
				A36DC45121F27B6400B0BE72 /* view */,
				A36DC45021F27B5C00B0BE72 /* viewModel */,
			);
			path = main;
			sourceTree = "<group>";
		};
		A36DC44521F27AB500B0BE72 /* launchscreen */ = {
			isa = PBXGroup;
			children = (
				A36DC42021F277E300B0BE72 /* LaunchScreen.storyboard */,
			);
			path = launchscreen;
			sourceTree = "<group>";
		};
		A36DC45021F27B5C00B0BE72 /* viewModel */ = {
			isa = PBXGroup;
			children = (
				A36DC45B21F27BAF00B0BE72 /* MainViewModel.swift */,
			);
			path = viewModel;
			sourceTree = "<group>";
		};
		A36DC45121F27B6400B0BE72 /* view */ = {
			isa = PBXGroup;
			children = (
				A36DC45921F27BA100B0BE72 /* MainView.swift */,
				A36DC45D21F27BB800B0BE72 /* Main.storyboard */,
			);
			path = view;
			sourceTree = "<group>";
		};
		A36DC45221F27B6800B0BE72 /* router */ = {
			isa = PBXGroup;
			children = (
				A36DC45321F27B7500B0BE72 /* InitialHomeRouter.swift */,
				A36DC45521F27B8200B0BE72 /* MainRoutable.swift */,
				A36DC45721F27B9200B0BE72 /* MainRouter.swift */,
			);
			path = router;
			sourceTree = "<group>";
		};
		A36DC46121F27BF200B0BE72 /* extensions */ = {
			isa = PBXGroup;
			children = (
				A36DC46221F27C0100B0BE72 /* UIWindow.swift */,
			);
			path = extensions;
			sourceTree = "<group>";
		};
		C4C2E5947F892FC777152D79 /* Pods */ = {
			isa = PBXGroup;
			children = (
				E9A03B472CB8EE9B0D64AFA5 /* Pods-RSS-News.debug.xcconfig */,
				4C1028F8A0B44004AC55A23D /* Pods-RSS-News.release.xcconfig */,
			);
			name = Pods;
			sourceTree = "<group>";
		};
/* End PBXGroup section */

/* Begin PBXNativeTarget section */
		A36DC41321F277E100B0BE72 /* RSS-News */ = {
			isa = PBXNativeTarget;
			buildConfigurationList = A36DC42621F277E300B0BE72 /* Build configuration list for PBXNativeTarget "RSS-News" */;
			buildPhases = (
				920C73E57B94947ABCC6A542 /* [CP] Check Pods Manifest.lock */,
				A36DC41021F277E100B0BE72 /* Sources */,
				A36DC41121F277E100B0BE72 /* Frameworks */,
				A36DC41221F277E100B0BE72 /* Resources */,
				84363FC0FA37FB7A02862B64 /* [CP] Embed Pods Frameworks */,
				A36DC42921F278A600B0BE72 /* SwiftLint */,
				A36DC42A21F278B600B0BE72 /* SwiftGen */,
			);
			buildRules = (
			);
			dependencies = (
			);
			name = "RSS-News";
			productName = "RSS-News";
			productReference = A36DC41421F277E100B0BE72 /* RSS-News.app */;
			productType = "com.apple.product-type.application";
		};
/* End PBXNativeTarget section */

/* Begin PBXProject section */
		A36DC40C21F277E100B0BE72 /* Project object */ = {
			isa = PBXProject;
			attributes = {
				LastSwiftUpdateCheck = 1010;
				LastUpgradeCheck = 1010;
				ORGANIZATIONNAME = AT;
				TargetAttributes = {
					A36DC41321F277E100B0BE72 = {
						CreatedOnToolsVersion = 10.1;
					};
				};
			};
			buildConfigurationList = A36DC40F21F277E100B0BE72 /* Build configuration list for PBXProject "RSS-News" */;
			compatibilityVersion = "Xcode 9.3";
			developmentRegion = en;
			hasScannedForEncodings = 0;
			knownRegions = (
				en,
				Base,
				ru,
			);
			mainGroup = A36DC40B21F277E100B0BE72;
			productRefGroup = A36DC41521F277E100B0BE72 /* Products */;
			projectDirPath = "";
			projectRoot = "";
			targets = (
				A36DC41321F277E100B0BE72 /* RSS-News */,
			);
		};
/* End PBXProject section */

/* Begin PBXResourcesBuildPhase section */
		A36DC41221F277E100B0BE72 /* Resources */ = {
			isa = PBXResourcesBuildPhase;
			buildActionMask = 2147483647;
			files = (
				A36DC42221F277E300B0BE72 /* LaunchScreen.storyboard in Resources */,
				A34B644421F32DDD00DACC2F /* White.plist in Resources */,
				A36DC45E21F27BB800B0BE72 /* Main.storyboard in Resources */,
				A34B644221F32DD700DACC2F /* Dark.plist in Resources */,
				A36DC43B21F2797900B0BE72 /* Images.xcassets in Resources */,
				A34B644621F3326D00DACC2F /* Paper.plist in Resources */,
				A36DC43621F2795F00B0BE72 /* Localizable.strings in Resources */,
				A36DC43D21F2798100B0BE72 /* Colors.xcassets in Resources */,
			);
			runOnlyForDeploymentPostprocessing = 0;
		};
/* End PBXResourcesBuildPhase section */

/* Begin PBXShellScriptBuildPhase section */
		84363FC0FA37FB7A02862B64 /* [CP] Embed Pods Frameworks */ = {
			isa = PBXShellScriptBuildPhase;
			buildActionMask = 2147483647;
			files = (
			);
			inputFileListPaths = (
			);
			inputPaths = (
				"${SRCROOT}/Pods/Target Support Files/Pods-RSS-News/Pods-RSS-News-frameworks.sh",
				"${BUILT_PRODUCTS_DIR}/EXPLogger/EXPLogger.framework",
				"${BUILT_PRODUCTS_DIR}/FeedKit/FeedKit.framework",
				"${BUILT_PRODUCTS_DIR}/Kingfisher/Kingfisher.framework",
				"${BUILT_PRODUCTS_DIR}/ReachabilitySwift/Reachability.framework",
				"${BUILT_PRODUCTS_DIR}/ReactiveCocoa/ReactiveCocoa.framework",
				"${BUILT_PRODUCTS_DIR}/ReactiveSwift/ReactiveSwift.framework",
				"${BUILT_PRODUCTS_DIR}/Result/Result.framework",
				"${BUILT_PRODUCTS_DIR}/SwiftTheme/SwiftTheme.framework",
				"${BUILT_PRODUCTS_DIR}/Swinject/Swinject.framework",
			);
			name = "[CP] Embed Pods Frameworks";
			outputFileListPaths = (
			);
			outputPaths = (
				"${TARGET_BUILD_DIR}/${FRAMEWORKS_FOLDER_PATH}/EXPLogger.framework",
				"${TARGET_BUILD_DIR}/${FRAMEWORKS_FOLDER_PATH}/FeedKit.framework",
				"${TARGET_BUILD_DIR}/${FRAMEWORKS_FOLDER_PATH}/Kingfisher.framework",
				"${TARGET_BUILD_DIR}/${FRAMEWORKS_FOLDER_PATH}/Reachability.framework",
				"${TARGET_BUILD_DIR}/${FRAMEWORKS_FOLDER_PATH}/ReactiveCocoa.framework",
				"${TARGET_BUILD_DIR}/${FRAMEWORKS_FOLDER_PATH}/ReactiveSwift.framework",
				"${TARGET_BUILD_DIR}/${FRAMEWORKS_FOLDER_PATH}/Result.framework",
				"${TARGET_BUILD_DIR}/${FRAMEWORKS_FOLDER_PATH}/SwiftTheme.framework",
				"${TARGET_BUILD_DIR}/${FRAMEWORKS_FOLDER_PATH}/Swinject.framework",
			);
			runOnlyForDeploymentPostprocessing = 0;
			shellPath = /bin/sh;
			shellScript = "\"${SRCROOT}/Pods/Target Support Files/Pods-RSS-News/Pods-RSS-News-frameworks.sh\"\n";
			showEnvVarsInLog = 0;
		};
		920C73E57B94947ABCC6A542 /* [CP] Check Pods Manifest.lock */ = {
			isa = PBXShellScriptBuildPhase;
			buildActionMask = 2147483647;
			files = (
			);
			inputFileListPaths = (
			);
			inputPaths = (
				"${PODS_PODFILE_DIR_PATH}/Podfile.lock",
				"${PODS_ROOT}/Manifest.lock",
			);
			name = "[CP] Check Pods Manifest.lock";
			outputFileListPaths = (
			);
			outputPaths = (
				"$(DERIVED_FILE_DIR)/Pods-RSS-News-checkManifestLockResult.txt",
			);
			runOnlyForDeploymentPostprocessing = 0;
			shellPath = /bin/sh;
			shellScript = "diff \"${PODS_PODFILE_DIR_PATH}/Podfile.lock\" \"${PODS_ROOT}/Manifest.lock\" > /dev/null\nif [ $? != 0 ] ; then\n    # print error to STDERR\n    echo \"error: The sandbox is not in sync with the Podfile.lock. Run 'pod install' or update your CocoaPods installation.\" >&2\n    exit 1\nfi\n# This output is used by Xcode 'outputs' to avoid re-running this script phase.\necho \"SUCCESS\" > \"${SCRIPT_OUTPUT_FILE_0}\"\n";
			showEnvVarsInLog = 0;
		};
		A36DC42921F278A600B0BE72 /* SwiftLint */ = {
			isa = PBXShellScriptBuildPhase;
			buildActionMask = 2147483647;
			files = (
			);
			inputFileListPaths = (
			);
			inputPaths = (
			);
			name = SwiftLint;
			outputFileListPaths = (
			);
			outputPaths = (
			);
			runOnlyForDeploymentPostprocessing = 0;
			shellPath = /bin/sh;
			shellScript = "if which swiftlint >/dev/null; then\n${PODS_ROOT}/SwiftLint/swiftlint\nelse echo \"warning: SwiftLint not installed, download from https://github.com/realm/SwiftLint\"\nfi\n";
		};
		A36DC42A21F278B600B0BE72 /* SwiftGen */ = {
			isa = PBXShellScriptBuildPhase;
			buildActionMask = 2147483647;
			files = (
			);
			inputFileListPaths = (
			);
			inputPaths = (
			);
			name = SwiftGen;
			outputFileListPaths = (
			);
			outputPaths = (
			);
			runOnlyForDeploymentPostprocessing = 0;
			shellPath = /bin/sh;
			shellScript = "\"${PODS_ROOT}/SwiftGen/bin/swiftgen\"\n";
		};
/* End PBXShellScriptBuildPhase section */

/* Begin PBXSourcesBuildPhase section */
		A36DC41021F277E100B0BE72 /* Sources */ = {
			isa = PBXSourcesBuildPhase;
			buildActionMask = 2147483647;
			files = (
				A36DC44F21F27B3100B0BE72 /* BaseViewDelegate.swift in Sources */,
				A36DC45A21F27BA100B0BE72 /* MainView.swift in Sources */,
				A36DC45621F27B8200B0BE72 /* MainRoutable.swift in Sources */,
				A36DC44721F27B0300B0BE72 /* Session.swift in Sources */,
				A34B643921F27E2400DACC2F /* strings.swift in Sources */,
				A34B643A21F27E2400DACC2F /* assets-images.swift in Sources */,
				A36DC46021F27BE700B0BE72 /* LoggerService.swift in Sources */,
				A36DC44B21F27B1A00B0BE72 /* BaseRouter.swift in Sources */,
				A36DC45821F27B9200B0BE72 /* MainRouter.swift in Sources */,
				A36DC45C21F27BAF00B0BE72 /* MainViewModel.swift in Sources */,
				A36DC41821F277E100B0BE72 /* AppDelegate.swift in Sources */,
				A34B643B21F27E2400DACC2F /* storyboards.swift in Sources */,
				A36DC44321F27A9900B0BE72 /* AppSkin.swift in Sources */,
				A36DC44121F27A9300B0BE72 /* AppRouter.swift in Sources */,
				A36DC44921F27B0F00B0BE72 /* BaseViewModel.swift in Sources */,
				A36DC45421F27B7500B0BE72 /* InitialHomeRouter.swift in Sources */,
				A36DC44D21F27B2500B0BE72 /* BaseView.swift in Sources */,
				A36DC46321F27C0100B0BE72 /* UIWindow.swift in Sources */,
			);
			runOnlyForDeploymentPostprocessing = 0;
		};
/* End PBXSourcesBuildPhase section */

/* Begin PBXVariantGroup section */
		A36DC42021F277E300B0BE72 /* LaunchScreen.storyboard */ = {
			isa = PBXVariantGroup;
			children = (
				A36DC42121F277E300B0BE72 /* Base */,
			);
			name = LaunchScreen.storyboard;
			sourceTree = "<group>";
		};
		A36DC43821F2795F00B0BE72 /* Localizable.strings */ = {
			isa = PBXVariantGroup;
			children = (
				A36DC43721F2795F00B0BE72 /* en */,
				A36DC43921F2796900B0BE72 /* ru */,
			);
			name = Localizable.strings;
			sourceTree = "<group>";
		};
/* End PBXVariantGroup section */

/* Begin XCBuildConfiguration section */
		A36DC42421F277E300B0BE72 /* Debug */ = {
			isa = XCBuildConfiguration;
			buildSettings = {
				ALWAYS_SEARCH_USER_PATHS = NO;
				CLANG_ANALYZER_LOCALIZABILITY_NONLOCALIZED = YES;
				CLANG_ANALYZER_NONNULL = YES;
				CLANG_ANALYZER_NUMBER_OBJECT_CONVERSION = YES_AGGRESSIVE;
				CLANG_CXX_LANGUAGE_STANDARD = "gnu++14";
				CLANG_CXX_LIBRARY = "libc++";
				CLANG_ENABLE_MODULES = YES;
				CLANG_ENABLE_OBJC_ARC = YES;
				CLANG_ENABLE_OBJC_WEAK = YES;
				CLANG_WARN_BLOCK_CAPTURE_AUTORELEASING = YES;
				CLANG_WARN_BOOL_CONVERSION = YES;
				CLANG_WARN_COMMA = YES;
				CLANG_WARN_CONSTANT_CONVERSION = YES;
				CLANG_WARN_DEPRECATED_OBJC_IMPLEMENTATIONS = YES;
				CLANG_WARN_DIRECT_OBJC_ISA_USAGE = YES_ERROR;
				CLANG_WARN_DOCUMENTATION_COMMENTS = YES;
				CLANG_WARN_EMPTY_BODY = YES;
				CLANG_WARN_ENUM_CONVERSION = YES;
				CLANG_WARN_INFINITE_RECURSION = YES;
				CLANG_WARN_INT_CONVERSION = YES;
				CLANG_WARN_NON_LITERAL_NULL_CONVERSION = YES;
				CLANG_WARN_OBJC_IMPLICIT_RETAIN_SELF = YES;
				CLANG_WARN_OBJC_LITERAL_CONVERSION = YES;
				CLANG_WARN_OBJC_ROOT_CLASS = YES_ERROR;
				CLANG_WARN_RANGE_LOOP_ANALYSIS = YES;
				CLANG_WARN_STRICT_PROTOTYPES = YES;
				CLANG_WARN_SUSPICIOUS_MOVE = YES;
				CLANG_WARN_UNGUARDED_AVAILABILITY = YES_AGGRESSIVE;
				CLANG_WARN_UNREACHABLE_CODE = YES;
				CLANG_WARN__DUPLICATE_METHOD_MATCH = YES;
				CODE_SIGN_IDENTITY = "iPhone Developer";
				COPY_PHASE_STRIP = NO;
				DEBUG_INFORMATION_FORMAT = dwarf;
				ENABLE_STRICT_OBJC_MSGSEND = YES;
				ENABLE_TESTABILITY = YES;
				GCC_C_LANGUAGE_STANDARD = gnu11;
				GCC_DYNAMIC_NO_PIC = NO;
				GCC_NO_COMMON_BLOCKS = YES;
				GCC_OPTIMIZATION_LEVEL = 0;
				GCC_PREPROCESSOR_DEFINITIONS = (
					"DEBUG=1",
					"$(inherited)",
				);
				GCC_WARN_64_TO_32_BIT_CONVERSION = YES;
				GCC_WARN_ABOUT_RETURN_TYPE = YES_ERROR;
				GCC_WARN_UNDECLARED_SELECTOR = YES;
				GCC_WARN_UNINITIALIZED_AUTOS = YES_AGGRESSIVE;
				GCC_WARN_UNUSED_FUNCTION = YES;
				GCC_WARN_UNUSED_VARIABLE = YES;
				IPHONEOS_DEPLOYMENT_TARGET = 12.1;
				MTL_ENABLE_DEBUG_INFO = INCLUDE_SOURCE;
				MTL_FAST_MATH = YES;
				ONLY_ACTIVE_ARCH = YES;
				SDKROOT = iphoneos;
				SWIFT_ACTIVE_COMPILATION_CONDITIONS = DEBUG;
				SWIFT_OPTIMIZATION_LEVEL = "-Onone";
			};
			name = Debug;
		};
		A36DC42521F277E300B0BE72 /* Release */ = {
			isa = XCBuildConfiguration;
			buildSettings = {
				ALWAYS_SEARCH_USER_PATHS = NO;
				CLANG_ANALYZER_LOCALIZABILITY_NONLOCALIZED = YES;
				CLANG_ANALYZER_NONNULL = YES;
				CLANG_ANALYZER_NUMBER_OBJECT_CONVERSION = YES_AGGRESSIVE;
				CLANG_CXX_LANGUAGE_STANDARD = "gnu++14";
				CLANG_CXX_LIBRARY = "libc++";
				CLANG_ENABLE_MODULES = YES;
				CLANG_ENABLE_OBJC_ARC = YES;
				CLANG_ENABLE_OBJC_WEAK = YES;
				CLANG_WARN_BLOCK_CAPTURE_AUTORELEASING = YES;
				CLANG_WARN_BOOL_CONVERSION = YES;
				CLANG_WARN_COMMA = YES;
				CLANG_WARN_CONSTANT_CONVERSION = YES;
				CLANG_WARN_DEPRECATED_OBJC_IMPLEMENTATIONS = YES;
				CLANG_WARN_DIRECT_OBJC_ISA_USAGE = YES_ERROR;
				CLANG_WARN_DOCUMENTATION_COMMENTS = YES;
				CLANG_WARN_EMPTY_BODY = YES;
				CLANG_WARN_ENUM_CONVERSION = YES;
				CLANG_WARN_INFINITE_RECURSION = YES;
				CLANG_WARN_INT_CONVERSION = YES;
				CLANG_WARN_NON_LITERAL_NULL_CONVERSION = YES;
				CLANG_WARN_OBJC_IMPLICIT_RETAIN_SELF = YES;
				CLANG_WARN_OBJC_LITERAL_CONVERSION = YES;
				CLANG_WARN_OBJC_ROOT_CLASS = YES_ERROR;
				CLANG_WARN_RANGE_LOOP_ANALYSIS = YES;
				CLANG_WARN_STRICT_PROTOTYPES = YES;
				CLANG_WARN_SUSPICIOUS_MOVE = YES;
				CLANG_WARN_UNGUARDED_AVAILABILITY = YES_AGGRESSIVE;
				CLANG_WARN_UNREACHABLE_CODE = YES;
				CLANG_WARN__DUPLICATE_METHOD_MATCH = YES;
				CODE_SIGN_IDENTITY = "iPhone Developer";
				COPY_PHASE_STRIP = NO;
				DEBUG_INFORMATION_FORMAT = "dwarf-with-dsym";
				ENABLE_NS_ASSERTIONS = NO;
				ENABLE_STRICT_OBJC_MSGSEND = YES;
				GCC_C_LANGUAGE_STANDARD = gnu11;
				GCC_NO_COMMON_BLOCKS = YES;
				GCC_WARN_64_TO_32_BIT_CONVERSION = YES;
				GCC_WARN_ABOUT_RETURN_TYPE = YES_ERROR;
				GCC_WARN_UNDECLARED_SELECTOR = YES;
				GCC_WARN_UNINITIALIZED_AUTOS = YES_AGGRESSIVE;
				GCC_WARN_UNUSED_FUNCTION = YES;
				GCC_WARN_UNUSED_VARIABLE = YES;
				IPHONEOS_DEPLOYMENT_TARGET = 12.1;
				MTL_ENABLE_DEBUG_INFO = NO;
				MTL_FAST_MATH = YES;
				SDKROOT = iphoneos;
				SWIFT_COMPILATION_MODE = wholemodule;
				SWIFT_OPTIMIZATION_LEVEL = "-O";
				VALIDATE_PRODUCT = YES;
			};
			name = Release;
		};
		A36DC42721F277E300B0BE72 /* Debug */ = {
			isa = XCBuildConfiguration;
			baseConfigurationReference = E9A03B472CB8EE9B0D64AFA5 /* Pods-RSS-News.debug.xcconfig */;
			buildSettings = {
				ASSETCATALOG_COMPILER_APPICON_NAME = AppIcon;
				CODE_SIGN_STYLE = Automatic;
				DEVELOPMENT_TEAM = 8EF4CLU9HX;
				INFOPLIST_FILE = "RSS-News/Info.plist";
				IPHONEOS_DEPLOYMENT_TARGET = 11.0;
				LD_RUNPATH_SEARCH_PATHS = (
					"$(inherited)",
					"@executable_path/Frameworks",
				);
				PRODUCT_BUNDLE_IDENTIFIER = "at.by.RSS-News";
				PRODUCT_NAME = "$(TARGET_NAME)";
				SWIFT_VERSION = 4.2;
				TARGETED_DEVICE_FAMILY = "1,2";
			};
			name = Debug;
		};
		A36DC42821F277E300B0BE72 /* Release */ = {
			isa = XCBuildConfiguration;
			baseConfigurationReference = 4C1028F8A0B44004AC55A23D /* Pods-RSS-News.release.xcconfig */;
			buildSettings = {
				ASSETCATALOG_COMPILER_APPICON_NAME = AppIcon;
				CODE_SIGN_STYLE = Automatic;
				DEVELOPMENT_TEAM = 8EF4CLU9HX;
				INFOPLIST_FILE = "RSS-News/Info.plist";
				IPHONEOS_DEPLOYMENT_TARGET = 11.0;
				LD_RUNPATH_SEARCH_PATHS = (
					"$(inherited)",
					"@executable_path/Frameworks",
				);
				PRODUCT_BUNDLE_IDENTIFIER = "at.by.RSS-News";
				PRODUCT_NAME = "$(TARGET_NAME)";
				SWIFT_VERSION = 4.2;
				TARGETED_DEVICE_FAMILY = "1,2";
			};
			name = Release;
		};
/* End XCBuildConfiguration section */

/* Begin XCConfigurationList section */
		A36DC40F21F277E100B0BE72 /* Build configuration list for PBXProject "RSS-News" */ = {
			isa = XCConfigurationList;
			buildConfigurations = (
				A36DC42421F277E300B0BE72 /* Debug */,
				A36DC42521F277E300B0BE72 /* Release */,
			);
			defaultConfigurationIsVisible = 0;
			defaultConfigurationName = Release;
		};
		A36DC42621F277E300B0BE72 /* Build configuration list for PBXNativeTarget "RSS-News" */ = {
			isa = XCConfigurationList;
			buildConfigurations = (
				A36DC42721F277E300B0BE72 /* Debug */,
				A36DC42821F277E300B0BE72 /* Release */,
			);
			defaultConfigurationIsVisible = 0;
			defaultConfigurationName = Release;
		};
/* End XCConfigurationList section */
	};
	rootObject = A36DC40C21F277E100B0BE72 /* Project object */;
}
